// !$*UTF8*$!
{
	archiveVersion = 1;
	classes = {
	};
	objectVersion = 50;
	objects = {

/* Begin PBXBuildFile section */
		12656F2323E75788005FDB66 /* AppDelegate.swift in Sources */ = {isa = PBXBuildFile; fileRef = 12656F2223E75788005FDB66 /* AppDelegate.swift */; };
		12656F2523E75788005FDB66 /* SceneDelegate.swift in Sources */ = {isa = PBXBuildFile; fileRef = 12656F2423E75788005FDB66 /* SceneDelegate.swift */; };
		12656F2823E75788005FDB66 /* StorageUi.xcdatamodeld in Sources */ = {isa = PBXBuildFile; fileRef = 12656F2623E75788005FDB66 /* StorageUi.xcdatamodeld */; };
		12656F2A23E75788005FDB66 /* ContentView.swift in Sources */ = {isa = PBXBuildFile; fileRef = 12656F2923E75788005FDB66 /* ContentView.swift */; };
		12656F2C23E7578A005FDB66 /* Assets.xcassets in Resources */ = {isa = PBXBuildFile; fileRef = 12656F2B23E7578A005FDB66 /* Assets.xcassets */; };
		12656F2F23E7578A005FDB66 /* Preview Assets.xcassets in Resources */ = {isa = PBXBuildFile; fileRef = 12656F2E23E7578A005FDB66 /* Preview Assets.xcassets */; };
		12656F3223E7578A005FDB66 /* LaunchScreen.storyboard in Resources */ = {isa = PBXBuildFile; fileRef = 12656F3023E7578A005FDB66 /* LaunchScreen.storyboard */; };
		12656F3A23E75B13005FDB66 /* NewPlaceView.swift in Sources */ = {isa = PBXBuildFile; fileRef = 12656F3923E75B13005FDB66 /* NewPlaceView.swift */; };
/* End PBXBuildFile section */

/* Begin PBXFileReference section */
		12656F1F23E75788005FDB66 /* StorageUi.app */ = {isa = PBXFileReference; explicitFileType = wrapper.application; includeInIndex = 0; path = StorageUi.app; sourceTree = BUILT_PRODUCTS_DIR; };
		12656F2223E75788005FDB66 /* AppDelegate.swift */ = {isa = PBXFileReference; lastKnownFileType = sourcecode.swift; path = AppDelegate.swift; sourceTree = "<group>"; };
		12656F2423E75788005FDB66 /* SceneDelegate.swift */ = {isa = PBXFileReference; lastKnownFileType = sourcecode.swift; path = SceneDelegate.swift; sourceTree = "<group>"; };
		12656F2723E75788005FDB66 /* StorageUi.xcdatamodel */ = {isa = PBXFileReference; lastKnownFileType = wrapper.xcdatamodel; path = StorageUi.xcdatamodel; sourceTree = "<group>"; };
		12656F2923E75788005FDB66 /* ContentView.swift */ = {isa = PBXFileReference; lastKnownFileType = sourcecode.swift; path = ContentView.swift; sourceTree = "<group>"; };
		12656F2B23E7578A005FDB66 /* Assets.xcassets */ = {isa = PBXFileReference; lastKnownFileType = folder.assetcatalog; path = Assets.xcassets; sourceTree = "<group>"; };
		12656F2E23E7578A005FDB66 /* Preview Assets.xcassets */ = {isa = PBXFileReference; lastKnownFileType = folder.assetcatalog; path = "Preview Assets.xcassets"; sourceTree = "<group>"; };
		12656F3123E7578A005FDB66 /* Base */ = {isa = PBXFileReference; lastKnownFileType = file.storyboard; name = Base; path = Base.lproj/LaunchScreen.storyboard; sourceTree = "<group>"; };
		12656F3323E7578A005FDB66 /* Info.plist */ = {isa = PBXFileReference; lastKnownFileType = text.plist.xml; path = Info.plist; sourceTree = "<group>"; };
		12656F3923E75B13005FDB66 /* NewPlaceView.swift */ = {isa = PBXFileReference; lastKnownFileType = sourcecode.swift; path = NewPlaceView.swift; sourceTree = "<group>"; };
/* End PBXFileReference section */

/* Begin PBXFrameworksBuildPhase section */
		12656F1C23E75788005FDB66 /* Frameworks */ = {
			isa = PBXFrameworksBuildPhase;
			buildActionMask = 2147483647;
			files = (
			);
			runOnlyForDeploymentPostprocessing = 0;
		};
/* End PBXFrameworksBuildPhase section */

/* Begin PBXGroup section */
		12656F1623E75788005FDB66 = {
			isa = PBXGroup;
			children = (
				12656F2123E75788005FDB66 /* StorageUi */,
				12656F2023E75788005FDB66 /* Products */,
			);
			sourceTree = "<group>";
		};
		12656F2023E75788005FDB66 /* Products */ = {
			isa = PBXGroup;
			children = (
				12656F1F23E75788005FDB66 /* StorageUi.app */,
			);
			name = Products;
			sourceTree = "<group>";
		};
		12656F2123E75788005FDB66 /* StorageUi */ = {
			isa = PBXGroup;
			children = (
				12656F2223E75788005FDB66 /* AppDelegate.swift */,
				12656F3923E75B13005FDB66 /* NewPlaceView.swift */,
				12656F2423E75788005FDB66 /* SceneDelegate.swift */,
				12656F2923E75788005FDB66 /* ContentView.swift */,
				12656F2B23E7578A005FDB66 /* Assets.xcassets */,
				12656F3023E7578A005FDB66 /* LaunchScreen.storyboard */,
				12656F3323E7578A005FDB66 /* Info.plist */,
				12656F2623E75788005FDB66 /* StorageUi.xcdatamodeld */,
				12656F2D23E7578A005FDB66 /* Preview Content */,
			);
			path = StorageUi;
			sourceTree = "<group>";
		};
		12656F2D23E7578A005FDB66 /* Preview Content */ = {
			isa = PBXGroup;
			children = (
				12656F2E23E7578A005FDB66 /* Preview Assets.xcassets */,
			);
			path = "Preview Content";
			sourceTree = "<group>";
		};
/* End PBXGroup section */

/* Begin PBXNativeTarget section */
		12656F1E23E75788005FDB66 /* StorageUi */ = {
			isa = PBXNativeTarget;
			buildConfigurationList = 12656F3623E7578A005FDB66 /* Build configuration list for PBXNativeTarget "StorageUi" */;
			buildPhases = (
				12656F1B23E75788005FDB66 /* Sources */,
				12656F1C23E75788005FDB66 /* Frameworks */,
				12656F1D23E75788005FDB66 /* Resources */,
			);
			buildRules = (
			);
			dependencies = (
			);
			name = StorageUi;
			productName = StorageUi;
			productReference = 12656F1F23E75788005FDB66 /* StorageUi.app */;
			productType = "com.apple.product-type.application";
		};
/* End PBXNativeTarget section */

/* Begin PBXProject section */
		12656F1723E75788005FDB66 /* Project object */ = {
			isa = PBXProject;
			attributes = {
				LastSwiftUpdateCheck = 1130;
				LastUpgradeCheck = 1130;
				ORGANIZATIONNAME = "Nicola De FIlippo";
				TargetAttributes = {
					12656F1E23E75788005FDB66 = {
						CreatedOnToolsVersion = 11.3.1;
					};
				};
			};
			buildConfigurationList = 12656F1A23E75788005FDB66 /* Build configuration list for PBXProject "StorageUi" */;
			compatibilityVersion = "Xcode 9.3";
			developmentRegion = en;
			hasScannedForEncodings = 0;
			knownRegions = (
				en,
				Base,
			);
			mainGroup = 12656F1623E75788005FDB66;
			productRefGroup = 12656F2023E75788005FDB66 /* Products */;
			projectDirPath = "";
			projectRoot = "";
			targets = (
				12656F1E23E75788005FDB66 /* StorageUi */,
			);
		};
/* End PBXProject section */

/* Begin PBXResourcesBuildPhase section */
		12656F1D23E75788005FDB66 /* Resources */ = {
			isa = PBXResourcesBuildPhase;
			buildActionMask = 2147483647;
			files = (
				12656F3223E7578A005FDB66 /* LaunchScreen.storyboard in Resources */,
				12656F2F23E7578A005FDB66 /* Preview Assets.xcassets in Resources */,
				12656F2C23E7578A005FDB66 /* Assets.xcassets in Resources */,
			);
			runOnlyForDeploymentPostprocessing = 0;
		};
/* End PBXResourcesBuildPhase section */

/* Begin PBXSourcesBuildPhase section */
		12656F1B23E75788005FDB66 /* Sources */ = {
			isa = PBXSourcesBuildPhase;
			buildActionMask = 2147483647;
			files = (
				12656F2323E75788005FDB66 /* AppDelegate.swift in Sources */,
				12656F2823E75788005FDB66 /* StorageUi.xcdatamodeld in Sources */,
				12656F3A23E75B13005FDB66 /* NewPlaceView.swift in Sources */,
				12656F2A23E75788005FDB66 /* ContentView.swift in Sources */,
				12656F2523E75788005FDB66 /* SceneDelegate.swift in Sources */,
			);
			runOnlyForDeploymentPostprocessing = 0;
		};
/* End PBXSourcesBuildPhase section */

/* Begin PBXVariantGroup section */
		12656F3023E7578A005FDB66 /* LaunchScreen.storyboard */ = {
			isa = PBXVariantGroup;
			children = (
				12656F3123E7578A005FDB66 /* Base */,
			);
			name = LaunchScreen.storyboard;
			sourceTree = "<group>";
		};
/* End PBXVariantGroup section */

/* Begin XCBuildConfiguration section */
		12656F3423E7578A005FDB66 /* Debug */ = {
			isa = XCBuildConfiguration;
			buildSettings = {
				ALWAYS_SEARCH_USER_PATHS = NO;
				CLANG_ANALYZER_NONNULL = YES;
				CLANG_ANALYZER_NUMBER_OBJECT_CONVERSION = YES_AGGRESSIVE;
				CLANG_CXX_LANGUAGE_STANDARD = "gnu++14";
				CLANG_CXX_LIBRARY = "libc++";
				CLANG_ENABLE_MODULES = YES;
				CLANG_ENABLE_OBJC_ARC = YES;
				CLANG_ENABLE_OBJC_WEAK = YES;
				CLANG_WARN_BLOCK_CAPTURE_AUTORELEASING = YES;
				CLANG_WARN_BOOL_CONVERSION = YES;
				CLANG_WARN_COMMA = YES;
				CLANG_WARN_CONSTANT_CONVERSION = YES;
				CLANG_WARN_DEPRECATED_OBJC_IMPLEMENTATIONS = YES;
				CLANG_WARN_DIRECT_OBJC_ISA_USAGE = YES_ERROR;
				CLANG_WARN_DOCUMENTATION_COMMENTS = YES;
				CLANG_WARN_EMPTY_BODY = YES;
				CLANG_WARN_ENUM_CONVERSION = YES;
				CLANG_WARN_INFINITE_RECURSION = YES;
				CLANG_WARN_INT_CONVERSION = YES;
				CLANG_WARN_NON_LITERAL_NULL_CONVERSION = YES;
				CLANG_WARN_OBJC_IMPLICIT_RETAIN_SELF = YES;
				CLANG_WARN_OBJC_LITERAL_CONVERSION = YES;
				CLANG_WARN_OBJC_ROOT_CLASS = YES_ERROR;
				CLANG_WARN_RANGE_LOOP_ANALYSIS = YES;
				CLANG_WARN_STRICT_PROTOTYPES = YES;
				CLANG_WARN_SUSPICIOUS_MOVE = YES;
				CLANG_WARN_UNGUARDED_AVAILABILITY = YES_AGGRESSIVE;
				CLANG_WARN_UNREACHABLE_CODE = YES;
				CLANG_WARN__DUPLICATE_METHOD_MATCH = YES;
				COPY_PHASE_STRIP = NO;
				DEBUG_INFORMATION_FORMAT = dwarf;
				ENABLE_STRICT_OBJC_MSGSEND = YES;
				ENABLE_TESTABILITY = YES;
				GCC_C_LANGUAGE_STANDARD = gnu11;
				GCC_DYNAMIC_NO_PIC = NO;
				GCC_NO_COMMON_BLOCKS = YES;
				GCC_OPTIMIZATION_LEVEL = 0;
				GCC_PREPROCESSOR_DEFINITIONS = (
					"DEBUG=1",
					"$(inherited)",
				);
				GCC_WARN_64_TO_32_BIT_CONVERSION = YES;
				GCC_WARN_ABOUT_RETURN_TYPE = YES_ERROR;
				GCC_WARN_UNDECLARED_SELECTOR = YES;
				GCC_WARN_UNINITIALIZED_AUTOS = YES_AGGRESSIVE;
				GCC_WARN_UNUSED_FUNCTION = YES;
				GCC_WARN_UNUSED_VARIABLE = YES;
				IPHONEOS_DEPLOYMENT_TARGET = 13.2;
				MTL_ENABLE_DEBUG_INFO = INCLUDE_SOURCE;
				MTL_FAST_MATH = YES;
				ONLY_ACTIVE_ARCH = YES;
				SDKROOT = iphoneos;
				SWIFT_ACTIVE_COMPILATION_CONDITIONS = DEBUG;
				SWIFT_OPTIMIZATION_LEVEL = "-Onone";
			};
			name = Debug;
		};
		12656F3523E7578A005FDB66 /* Release */ = {
			isa = XCBuildConfiguration;
			buildSettings = {
				ALWAYS_SEARCH_USER_PATHS = NO;
				CLANG_ANALYZER_NONNULL = YES;
				CLANG_ANALYZER_NUMBER_OBJECT_CONVERSION = YES_AGGRESSIVE;
				CLANG_CXX_LANGUAGE_STANDARD = "gnu++14";
				CLANG_CXX_LIBRARY = "libc++";
				CLANG_ENABLE_MODULES = YES;
				CLANG_ENABLE_OBJC_ARC = YES;
				CLANG_ENABLE_OBJC_WEAK = YES;
				CLANG_WARN_BLOCK_CAPTURE_AUTORELEASING = YES;
				CLANG_WARN_BOOL_CONVERSION = YES;
				CLANG_WARN_COMMA = YES;
				CLANG_WARN_CONSTANT_CONVERSION = YES;
				CLANG_WARN_DEPRECATED_OBJC_IMPLEMENTATIONS = YES;
				CLANG_WARN_DIRECT_OBJC_ISA_USAGE = YES_ERROR;
				CLANG_WARN_DOCUMENTATION_COMMENTS = YES;
				CLANG_WARN_EMPTY_BODY = YES;
				CLANG_WARN_ENUM_CONVERSION = YES;
				CLANG_WARN_INFINITE_RECURSION = YES;
				CLANG_WARN_INT_CONVERSION = YES;
				CLANG_WARN_NON_LITERAL_NULL_CONVERSION = YES;
				CLANG_WARN_OBJC_IMPLICIT_RETAIN_SELF = YES;
				CLANG_WARN_OBJC_LITERAL_CONVERSION = YES;
				CLANG_WARN_OBJC_ROOT_CLASS = YES_ERROR;
				CLANG_WARN_RANGE_LOOP_ANALYSIS = YES;
				CLANG_WARN_STRICT_PROTOTYPES = YES;
				CLANG_WARN_SUSPICIOUS_MOVE = YES;
				CLANG_WARN_UNGUARDED_AVAILABILITY = YES_AGGRESSIVE;
				CLANG_WARN_UNREACHABLE_CODE = YES;
				CLANG_WARN__DUPLICATE_METHOD_MATCH = YES;
				COPY_PHASE_STRIP = NO;
				DEBUG_INFORMATION_FORMAT = "dwarf-with-dsym";
				ENABLE_NS_ASSERTIONS = NO;
				ENABLE_STRICT_OBJC_MSGSEND = YES;
				GCC_C_LANGUAGE_STANDARD = gnu11;
				GCC_NO_COMMON_BLOCKS = YES;
				GCC_WARN_64_TO_32_BIT_CONVERSION = YES;
				GCC_WARN_ABOUT_RETURN_TYPE = YES_ERROR;
				GCC_WARN_UNDECLARED_SELECTOR = YES;
				GCC_WARN_UNINITIALIZED_AUTOS = YES_AGGRESSIVE;
				GCC_WARN_UNUSED_FUNCTION = YES;
				GCC_WARN_UNUSED_VARIABLE = YES;
				IPHONEOS_DEPLOYMENT_TARGET = 13.2;
				MTL_ENABLE_DEBUG_INFO = NO;
				MTL_FAST_MATH = YES;
				SDKROOT = iphoneos;
				SWIFT_COMPILATION_MODE = wholemodule;
				SWIFT_OPTIMIZATION_LEVEL = "-O";
				VALIDATE_PRODUCT = YES;
			};
			name = Release;
		};
		12656F3723E7578A005FDB66 /* Debug */ = {
			isa = XCBuildConfiguration;
			buildSettings = {
				ASSETCATALOG_COMPILER_APPICON_NAME = AppIcon;
				CODE_SIGN_STYLE = Automatic;
				DEVELOPMENT_ASSET_PATHS = "\"StorageUi/Preview Content\"";
				DEVELOPMENT_TEAM = AHGUK54A9X;
				ENABLE_PREVIEWS = YES;
				INFOPLIST_FILE = StorageUi/Info.plist;
				LD_RUNPATH_SEARCH_PATHS = (
					"$(inherited)",
					"@executable_path/Frameworks",
				);
				PRODUCT_BUNDLE_IDENTIFIER = niqt.StorageUi;
				PRODUCT_NAME = "$(TARGET_NAME)";
				SWIFT_VERSION = 5.0;
				TARGETED_DEVICE_FAMILY = "1,2";
			};
			name = Debug;
		};
		12656F3823E7578A005FDB66 /* Release */ = {
			isa = XCBuildConfiguration;
			buildSettings = {
				ASSETCATALOG_COMPILER_APPICON_NAME = AppIcon;
				CODE_SIGN_STYLE = Automatic;
				DEVELOPMENT_ASSET_PATHS = "\"StorageUi/Preview Content\"";
				DEVELOPMENT_TEAM = AHGUK54A9X;
				ENABLE_PREVIEWS = YES;
				INFOPLIST_FILE = StorageUi/Info.plist;
				LD_RUNPATH_SEARCH_PATHS = (
					"$(inherited)",
					"@executable_path/Frameworks",
				);
				PRODUCT_BUNDLE_IDENTIFIER = niqt.StorageUi;
				PRODUCT_NAME = "$(TARGET_NAME)";
				SWIFT_VERSION = 5.0;
				TARGETED_DEVICE_FAMILY = "1,2";
			};
			name = Release;
		};
/* End XCBuildConfiguration section */

/* Begin XCConfigurationList section */
		12656F1A23E75788005FDB66 /* Build configuration list for PBXProject "StorageUi" */ = {
			isa = XCConfigurationList;
			buildConfigurations = (
				12656F3423E7578A005FDB66 /* Debug */,
				12656F3523E7578A005FDB66 /* Release */,
			);
			defaultConfigurationIsVisible = 0;
			defaultConfigurationName = Release;
		};
		12656F3623E7578A005FDB66 /* Build configuration list for PBXNativeTarget "StorageUi" */ = {
			isa = XCConfigurationList;
			buildConfigurations = (
				12656F3723E7578A005FDB66 /* Debug */,
				12656F3823E7578A005FDB66 /* Release */,
			);
			defaultConfigurationIsVisible = 0;
			defaultConfigurationName = Release;
		};
/* End XCConfigurationList section */

/* Begin XCVersionGroup section */
		12656F2623E75788005FDB66 /* StorageUi.xcdatamodeld */ = {
			isa = XCVersionGroup;
			children = (
				12656F2723E75788005FDB66 /* StorageUi.xcdatamodel */,
			);
			currentVersion = 12656F2723E75788005FDB66 /* StorageUi.xcdatamodel */;
			path = StorageUi.xcdatamodeld;
			sourceTree = "<group>";
			versionGroupType = wrapper.xcdatamodel;
		};
/* End XCVersionGroup section */
	};
	rootObject = 12656F1723E75788005FDB66 /* Project object */;
}
