// !$*UTF8*$!
{
	archiveVersion = 1;
	classes = {
	};
	objectVersion = 50;
	objects = {

/* Begin PBXBuildFile section */
		B377F7F12652F6740066DF16 /* AppDelegate.swift in Sources */ = {isa = PBXBuildFile; fileRef = B377F7F02652F6740066DF16 /* AppDelegate.swift */; };
		B377F7F32652F6740066DF16 /* SceneDelegate.swift in Sources */ = {isa = PBXBuildFile; fileRef = B377F7F22652F6740066DF16 /* SceneDelegate.swift */; };
		B377F7F52652F6740066DF16 /* ContentView.swift in Sources */ = {isa = PBXBuildFile; fileRef = B377F7F42652F6740066DF16 /* ContentView.swift */; };
		B377F7F72652F6760066DF16 /* Assets.xcassets in Resources */ = {isa = PBXBuildFile; fileRef = B377F7F62652F6760066DF16 /* Assets.xcassets */; };
		B377F7FA2652F6760066DF16 /* Preview Assets.xcassets in Resources */ = {isa = PBXBuildFile; fileRef = B377F7F92652F6760066DF16 /* Preview Assets.xcassets */; };
		B377F7FD2652F6760066DF16 /* LaunchScreen.storyboard in Resources */ = {isa = PBXBuildFile; fileRef = B377F7FB2652F6760066DF16 /* LaunchScreen.storyboard */; };
/* End PBXBuildFile section */

/* Begin PBXFileReference section */
		B377F7ED2652F6740066DF16 /* toolbarbutton.app */ = {isa = PBXFileReference; explicitFileType = wrapper.application; includeInIndex = 0; path = toolbarbutton.app; sourceTree = BUILT_PRODUCTS_DIR; };
		B377F7F02652F6740066DF16 /* AppDelegate.swift */ = {isa = PBXFileReference; lastKnownFileType = sourcecode.swift; path = AppDelegate.swift; sourceTree = "<group>"; };
		B377F7F22652F6740066DF16 /* SceneDelegate.swift */ = {isa = PBXFileReference; lastKnownFileType = sourcecode.swift; path = SceneDelegate.swift; sourceTree = "<group>"; };
		B377F7F42652F6740066DF16 /* ContentView.swift */ = {isa = PBXFileReference; lastKnownFileType = sourcecode.swift; path = ContentView.swift; sourceTree = "<group>"; };
		B377F7F62652F6760066DF16 /* Assets.xcassets */ = {isa = PBXFileReference; lastKnownFileType = folder.assetcatalog; path = Assets.xcassets; sourceTree = "<group>"; };
		B377F7F92652F6760066DF16 /* Preview Assets.xcassets */ = {isa = PBXFileReference; lastKnownFileType = folder.assetcatalog; path = "Preview Assets.xcassets"; sourceTree = "<group>"; };
		B377F7FC2652F6760066DF16 /* Base */ = {isa = PBXFileReference; lastKnownFileType = file.storyboard; name = Base; path = Base.lproj/LaunchScreen.storyboard; sourceTree = "<group>"; };
		B377F7FE2652F6760066DF16 /* Info.plist */ = {isa = PBXFileReference; lastKnownFileType = text.plist.xml; path = Info.plist; sourceTree = "<group>"; };
/* End PBXFileReference section */

/* Begin PBXFrameworksBuildPhase section */
		B377F7EA2652F6730066DF16 /* Frameworks */ = {
			isa = PBXFrameworksBuildPhase;
			buildActionMask = 2147483647;
			files = (
			);
			runOnlyForDeploymentPostprocessing = 0;
		};
/* End PBXFrameworksBuildPhase section */

/* Begin PBXGroup section */
		B377F7E42652F6730066DF16 = {
			isa = PBXGroup;
			children = (
				B377F7EF2652F6740066DF16 /* toolbarbutton */,
				B377F7EE2652F6740066DF16 /* Products */,
			);
			sourceTree = "<group>";
		};
		B377F7EE2652F6740066DF16 /* Products */ = {
			isa = PBXGroup;
			children = (
				B377F7ED2652F6740066DF16 /* toolbarbutton.app */,
			);
			name = Products;
			sourceTree = "<group>";
		};
		B377F7EF2652F6740066DF16 /* toolbarbutton */ = {
			isa = PBXGroup;
			children = (
				B377F7F02652F6740066DF16 /* AppDelegate.swift */,
				B377F7F22652F6740066DF16 /* SceneDelegate.swift */,
				B377F7F42652F6740066DF16 /* ContentView.swift */,
				B377F7F62652F6760066DF16 /* Assets.xcassets */,
				B377F7FB2652F6760066DF16 /* LaunchScreen.storyboard */,
				B377F7FE2652F6760066DF16 /* Info.plist */,
				B377F7F82652F6760066DF16 /* Preview Content */,
			);
			path = toolbarbutton;
			sourceTree = "<group>";
		};
		B377F7F82652F6760066DF16 /* Preview Content */ = {
			isa = PBXGroup;
			children = (
				B377F7F92652F6760066DF16 /* Preview Assets.xcassets */,
			);
			path = "Preview Content";
			sourceTree = "<group>";
		};
/* End PBXGroup section */

/* Begin PBXNativeTarget section */
		B377F7EC2652F6730066DF16 /* toolbarbutton */ = {
			isa = PBXNativeTarget;
			buildConfigurationList = B377F8012652F6760066DF16 /* Build configuration list for PBXNativeTarget "toolbarbutton" */;
			buildPhases = (
				B377F7E92652F6730066DF16 /* Sources */,
				B377F7EA2652F6730066DF16 /* Frameworks */,
				B377F7EB2652F6730066DF16 /* Resources */,
			);
			buildRules = (
			);
			dependencies = (
			);
			name = toolbarbutton;
			productName = toolbarbutton;
			productReference = B377F7ED2652F6740066DF16 /* toolbarbutton.app */;
			productType = "com.apple.product-type.application";
		};
/* End PBXNativeTarget section */

/* Begin PBXProject section */
		B377F7E52652F6730066DF16 /* Project object */ = {
			isa = PBXProject;
			attributes = {
				LastSwiftUpdateCheck = 1250;
				LastUpgradeCheck = 1250;
				TargetAttributes = {
					B377F7EC2652F6730066DF16 = {
						CreatedOnToolsVersion = 12.5;
					};
				};
			};
			buildConfigurationList = B377F7E82652F6730066DF16 /* Build configuration list for PBXProject "toolbarbutton" */;
			compatibilityVersion = "Xcode 9.3";
			developmentRegion = en;
			hasScannedForEncodings = 0;
			knownRegions = (
				en,
				Base,
			);
			mainGroup = B377F7E42652F6730066DF16;
			productRefGroup = B377F7EE2652F6740066DF16 /* Products */;
			projectDirPath = "";
			projectRoot = "";
			targets = (
				B377F7EC2652F6730066DF16 /* toolbarbutton */,
			);
		};
/* End PBXProject section */

/* Begin PBXResourcesBuildPhase section */
		B377F7EB2652F6730066DF16 /* Resources */ = {
			isa = PBXResourcesBuildPhase;
			buildActionMask = 2147483647;
			files = (
				B377F7FD2652F6760066DF16 /* LaunchScreen.storyboard in Resources */,
				B377F7FA2652F6760066DF16 /* Preview Assets.xcassets in Resources */,
				B377F7F72652F6760066DF16 /* Assets.xcassets in Resources */,
			);
			runOnlyForDeploymentPostprocessing = 0;
		};
/* End PBXResourcesBuildPhase section */

/* Begin PBXSourcesBuildPhase section */
		B377F7E92652F6730066DF16 /* Sources */ = {
			isa = PBXSourcesBuildPhase;
			buildActionMask = 2147483647;
			files = (
				B377F7F12652F6740066DF16 /* AppDelegate.swift in Sources */,
				B377F7F32652F6740066DF16 /* SceneDelegate.swift in Sources */,
				B377F7F52652F6740066DF16 /* ContentView.swift in Sources */,
			);
			runOnlyForDeploymentPostprocessing = 0;
		};
/* End PBXSourcesBuildPhase section */

/* Begin PBXVariantGroup section */
		B377F7FB2652F6760066DF16 /* LaunchScreen.storyboard */ = {
			isa = PBXVariantGroup;
			children = (
				B377F7FC2652F6760066DF16 /* Base */,
			);
			name = LaunchScreen.storyboard;
			sourceTree = "<group>";
		};
/* End PBXVariantGroup section */

/* Begin XCBuildConfiguration section */
		B377F7FF2652F6760066DF16 /* Debug */ = {
			isa = XCBuildConfiguration;
			buildSettings = {
				ALWAYS_SEARCH_USER_PATHS = NO;
				CLANG_ANALYZER_NONNULL = YES;
				CLANG_ANALYZER_NUMBER_OBJECT_CONVERSION = YES_AGGRESSIVE;
				CLANG_CXX_LANGUAGE_STANDARD = "gnu++14";
				CLANG_CXX_LIBRARY = "libc++";
				CLANG_ENABLE_MODULES = YES;
				CLANG_ENABLE_OBJC_ARC = YES;
				CLANG_ENABLE_OBJC_WEAK = YES;
				CLANG_WARN_BLOCK_CAPTURE_AUTORELEASING = YES;
				CLANG_WARN_BOOL_CONVERSION = YES;
				CLANG_WARN_COMMA = YES;
				CLANG_WARN_CONSTANT_CONVERSION = YES;
				CLANG_WARN_DEPRECATED_OBJC_IMPLEMENTATIONS = YES;
				CLANG_WARN_DIRECT_OBJC_ISA_USAGE = YES_ERROR;
				CLANG_WARN_DOCUMENTATION_COMMENTS = YES;
				CLANG_WARN_EMPTY_BODY = YES;
				CLANG_WARN_ENUM_CONVERSION = YES;
				CLANG_WARN_INFINITE_RECURSION = YES;
				CLANG_WARN_INT_CONVERSION = YES;
				CLANG_WARN_NON_LITERAL_NULL_CONVERSION = YES;
				CLANG_WARN_OBJC_IMPLICIT_RETAIN_SELF = YES;
				CLANG_WARN_OBJC_LITERAL_CONVERSION = YES;
				CLANG_WARN_OBJC_ROOT_CLASS = YES_ERROR;
				CLANG_WARN_QUOTED_INCLUDE_IN_FRAMEWORK_HEADER = YES;
				CLANG_WARN_RANGE_LOOP_ANALYSIS = YES;
				CLANG_WARN_STRICT_PROTOTYPES = YES;
				CLANG_WARN_SUSPICIOUS_MOVE = YES;
				CLANG_WARN_UNGUARDED_AVAILABILITY = YES_AGGRESSIVE;
				CLANG_WARN_UNREACHABLE_CODE = YES;
				CLANG_WARN__DUPLICATE_METHOD_MATCH = YES;
				COPY_PHASE_STRIP = NO;
				DEBUG_INFORMATION_FORMAT = dwarf;
				ENABLE_STRICT_OBJC_MSGSEND = YES;
				ENABLE_TESTABILITY = YES;
				GCC_C_LANGUAGE_STANDARD = gnu11;
				GCC_DYNAMIC_NO_PIC = NO;
				GCC_NO_COMMON_BLOCKS = YES;
				GCC_OPTIMIZATION_LEVEL = 0;
				GCC_PREPROCESSOR_DEFINITIONS = (
					"DEBUG=1",
					"$(inherited)",
				);
				GCC_WARN_64_TO_32_BIT_CONVERSION = YES;
				GCC_WARN_ABOUT_RETURN_TYPE = YES_ERROR;
				GCC_WARN_UNDECLARED_SELECTOR = YES;
				GCC_WARN_UNINITIALIZED_AUTOS = YES_AGGRESSIVE;
				GCC_WARN_UNUSED_FUNCTION = YES;
				GCC_WARN_UNUSED_VARIABLE = YES;
				IPHONEOS_DEPLOYMENT_TARGET = 14.5;
				MTL_ENABLE_DEBUG_INFO = INCLUDE_SOURCE;
				MTL_FAST_MATH = YES;
				ONLY_ACTIVE_ARCH = YES;
				SDKROOT = iphoneos;
				SWIFT_ACTIVE_COMPILATION_CONDITIONS = DEBUG;
				SWIFT_OPTIMIZATION_LEVEL = "-Onone";
			};
			name = Debug;
		};
		B377F8002652F6760066DF16 /* Release */ = {
			isa = XCBuildConfiguration;
			buildSettings = {
				ALWAYS_SEARCH_USER_PATHS = NO;
				CLANG_ANALYZER_NONNULL = YES;
				CLANG_ANALYZER_NUMBER_OBJECT_CONVERSION = YES_AGGRESSIVE;
				CLANG_CXX_LANGUAGE_STANDARD = "gnu++14";
				CLANG_CXX_LIBRARY = "libc++";
				CLANG_ENABLE_MODULES = YES;
				CLANG_ENABLE_OBJC_ARC = YES;
				CLANG_ENABLE_OBJC_WEAK = YES;
				CLANG_WARN_BLOCK_CAPTURE_AUTORELEASING = YES;
				CLANG_WARN_BOOL_CONVERSION = YES;
				CLANG_WARN_COMMA = YES;
				CLANG_WARN_CONSTANT_CONVERSION = YES;
				CLANG_WARN_DEPRECATED_OBJC_IMPLEMENTATIONS = YES;
				CLANG_WARN_DIRECT_OBJC_ISA_USAGE = YES_ERROR;
				CLANG_WARN_DOCUMENTATION_COMMENTS = YES;
				CLANG_WARN_EMPTY_BODY = YES;
				CLANG_WARN_ENUM_CONVERSION = YES;
				CLANG_WARN_INFINITE_RECURSION = YES;
				CLANG_WARN_INT_CONVERSION = YES;
				CLANG_WARN_NON_LITERAL_NULL_CONVERSION = YES;
				CLANG_WARN_OBJC_IMPLICIT_RETAIN_SELF = YES;
				CLANG_WARN_OBJC_LITERAL_CONVERSION = YES;
				CLANG_WARN_OBJC_ROOT_CLASS = YES_ERROR;
				CLANG_WARN_QUOTED_INCLUDE_IN_FRAMEWORK_HEADER = YES;
				CLANG_WARN_RANGE_LOOP_ANALYSIS = YES;
				CLANG_WARN_STRICT_PROTOTYPES = YES;
				CLANG_WARN_SUSPICIOUS_MOVE = YES;
				CLANG_WARN_UNGUARDED_AVAILABILITY = YES_AGGRESSIVE;
				CLANG_WARN_UNREACHABLE_CODE = YES;
				CLANG_WARN__DUPLICATE_METHOD_MATCH = YES;
				COPY_PHASE_STRIP = NO;
				DEBUG_INFORMATION_FORMAT = "dwarf-with-dsym";
				ENABLE_NS_ASSERTIONS = NO;
				ENABLE_STRICT_OBJC_MSGSEND = YES;
				GCC_C_LANGUAGE_STANDARD = gnu11;
				GCC_NO_COMMON_BLOCKS = YES;
				GCC_WARN_64_TO_32_BIT_CONVERSION = YES;
				GCC_WARN_ABOUT_RETURN_TYPE = YES_ERROR;
				GCC_WARN_UNDECLARED_SELECTOR = YES;
				GCC_WARN_UNINITIALIZED_AUTOS = YES_AGGRESSIVE;
				GCC_WARN_UNUSED_FUNCTION = YES;
				GCC_WARN_UNUSED_VARIABLE = YES;
				IPHONEOS_DEPLOYMENT_TARGET = 14.5;
				MTL_ENABLE_DEBUG_INFO = NO;
				MTL_FAST_MATH = YES;
				SDKROOT = iphoneos;
				SWIFT_COMPILATION_MODE = wholemodule;
				SWIFT_OPTIMIZATION_LEVEL = "-O";
				VALIDATE_PRODUCT = YES;
			};
			name = Release;
		};
		B377F8022652F6760066DF16 /* Debug */ = {
			isa = XCBuildConfiguration;
			buildSettings = {
				ASSETCATALOG_COMPILER_APPICON_NAME = AppIcon;
				ASSETCATALOG_COMPILER_GLOBAL_ACCENT_COLOR_NAME = AccentColor;
				CODE_SIGN_STYLE = Automatic;
				DEVELOPMENT_ASSET_PATHS = "\"toolbarbutton/Preview Content\"";
				DEVELOPMENT_TEAM = AHGUK54A9X;
				ENABLE_PREVIEWS = YES;
				INFOPLIST_FILE = toolbarbutton/Info.plist;
				LD_RUNPATH_SEARCH_PATHS = (
					"$(inherited)",
					"@executable_path/Frameworks",
				);
				PRODUCT_BUNDLE_IDENTIFIER = notdefine.toolbarbutton;
				PRODUCT_NAME = "$(TARGET_NAME)";
				SWIFT_VERSION = 5.0;
				TARGETED_DEVICE_FAMILY = "1,2";
			};
			name = Debug;
		};
		B377F8032652F6760066DF16 /* Release */ = {
			isa = XCBuildConfiguration;
			buildSettings = {
				ASSETCATALOG_COMPILER_APPICON_NAME = AppIcon;
				ASSETCATALOG_COMPILER_GLOBAL_ACCENT_COLOR_NAME = AccentColor;
				CODE_SIGN_STYLE = Automatic;
				DEVELOPMENT_ASSET_PATHS = "\"toolbarbutton/Preview Content\"";
				DEVELOPMENT_TEAM = AHGUK54A9X;
				ENABLE_PREVIEWS = YES;
				INFOPLIST_FILE = toolbarbutton/Info.plist;
				LD_RUNPATH_SEARCH_PATHS = (
					"$(inherited)",
					"@executable_path/Frameworks",
				);
				PRODUCT_BUNDLE_IDENTIFIER = notdefine.toolbarbutton;
				PRODUCT_NAME = "$(TARGET_NAME)";
				SWIFT_VERSION = 5.0;
				TARGETED_DEVICE_FAMILY = "1,2";
			};
			name = Release;
		};
/* End XCBuildConfiguration section */

/* Begin XCConfigurationList section */
		B377F7E82652F6730066DF16 /* Build configuration list for PBXProject "toolbarbutton" */ = {
			isa = XCConfigurationList;
			buildConfigurations = (
				B377F7FF2652F6760066DF16 /* Debug */,
				B377F8002652F6760066DF16 /* Release */,
			);
			defaultConfigurationIsVisible = 0;
			defaultConfigurationName = Release;
		};
		B377F8012652F6760066DF16 /* Build configuration list for PBXNativeTarget "toolbarbutton" */ = {
			isa = XCConfigurationList;
			buildConfigurations = (
				B377F8022652F6760066DF16 /* Debug */,
				B377F8032652F6760066DF16 /* Release */,
			);
			defaultConfigurationIsVisible = 0;
			defaultConfigurationName = Release;
		};
/* End XCConfigurationList section */
	};
	rootObject = B377F7E52652F6730066DF16 /* Project object */;
}
